{"packages":[{"spec":"@rewind/email","version":"1.0.1","pkg_hash":"d9b4da058322f8961983440f5621ae79b047c7e0046698b246261bc22d26a347","files":[{"path":"index.mjs","source_hash":"f040a0fe5bc6916f37b5df76b081eef3f9d636e73075790f32135748da954f74"}],"imports":{},"capabilities":["after","kv","webhook"],"private":false},{"spec":"@rewind/jwt","version":"1.0.1","pkg_hash":"7e51b4d404f62e8f89cd281548bfc590dcd2fc1061c01bb070a9e6f977470399","files":[{"path":"index.mjs","source_hash":"d4b8c4deb4f4b6a6370ea150bd422b072f2a973b2f0abf5b055bdff32a1aec61"}],"imports":{},"capabilities":["crypto"],"private":true},{"spec":"@rewind/oidc","version":"1.0.1","pkg_hash":"a1fab19c3da4dc77b0dbd100e00ddf98241b0884790bd9ae56ec0357d1d09d77","files":[{"path":"index.mjs","source_hash":"887fe68ef4ae9a1a756fe73e2d7ac3b10ccb37846919815a0a30862551826550"}],"imports":{"@rewind/jwt":"7e51b4d404f62e8f89cd281548bfc590dcd2fc1061c01bb070a9e6f977470399"},"capabilities":["after","crypto","kv","webhook"],"private":false}],"app_imports":{"@rewind/oidc":"a1fab19c3da4dc77b0dbd100e00ddf98241b0884790bd9ae56ec0357d1d09d77","@rewind/email":"d9b4da058322f8961983440f5621ae79b047c7e0046698b246261bc22d26a347"}}