{"packages":[{"spec":"@rewind/email","version":"1.0.4","pkg_hash":"0035a5ad08d8ea31274a99eab918c7feb5e3e085cb0738b44e90013be19bb823","files":[{"path":"index.mjs","source_hash":"f040a0fe5bc6916f37b5df76b081eef3f9d636e73075790f32135748da954f74"}],"imports":{},"capabilities":["after","kv","webhook"],"private":false},{"spec":"@rewind/export","version":"1.0.4","pkg_hash":"7775d319f4e3f9db1616bf9f8615d27b6ffd2b9cfd9a7521ade0b97d4a31fc26","files":[{"path":"index.mjs","source_hash":"0375fa7424037a906fb0ac0a793e9779e3e6a37760e65c59514a79dba33c3cf5"}],"imports":{},"capabilities":["blob","crypto","kv","wake","webhook"],"private":false},{"spec":"@rewind/jwt","version":"1.0.4","pkg_hash":"c868b00884afcf913371d81cf2678beba3a0540b19a9c031385282c71c4bc1dc","files":[{"path":"index.mjs","source_hash":"d4b8c4deb4f4b6a6370ea150bd422b072f2a973b2f0abf5b055bdff32a1aec61"}],"imports":{},"capabilities":["crypto"],"private":true},{"spec":"@rewind/oidc","version":"1.0.4","pkg_hash":"e032b9feb9690c860fef658059b8e63ac2a11c8bd119c9996c3bf2879f84efad","files":[{"path":"index.mjs","source_hash":"cefb60232beaab7a90018ec49254257da0c3b19f1c2c392225d94b933fe98522"}],"imports":{"@rewind/jwt":"c868b00884afcf913371d81cf2678beba3a0540b19a9c031385282c71c4bc1dc"},"capabilities":["after","crypto","kv","webhook"],"private":false},{"spec":"@rewind/schedule","version":"1.0.4","pkg_hash":"0b73a7e0e1813e4b3fa0fc501cc4a30ed470b296e3bf7f5b301d639e1d7d8e76","files":[{"path":"index.mjs","source_hash":"58d140669beb545c64d4475e83da5ba43e6e190e85a434a449004bac10df0276"}],"imports":{},"capabilities":["after","crypto","kv","wake","webhook"],"private":false},{"spec":"@rewind/stripe","version":"1.0.4","pkg_hash":"4cff07cbfcb19515c352540a4cc058f98806e322eeaee50deef55aff72607104","files":[{"path":"index.mjs","source_hash":"968ce6c94f2af0dd9ebbaccca48512a2d65ef1c79e12a2e8e2c83cd4a44c26de"}],"imports":{},"capabilities":["after","crypto","kv","webhook"],"private":false}],"app_imports":{"@rewind/oidc":"e032b9feb9690c860fef658059b8e63ac2a11c8bd119c9996c3bf2879f84efad","@rewind/email":"0035a5ad08d8ea31274a99eab918c7feb5e3e085cb0738b44e90013be19bb823","@rewind/stripe":"4cff07cbfcb19515c352540a4cc058f98806e322eeaee50deef55aff72607104","@rewind/schedule":"0b73a7e0e1813e4b3fa0fc501cc4a30ed470b296e3bf7f5b301d639e1d7d8e76","@rewind/export":"7775d319f4e3f9db1616bf9f8615d27b6ffd2b9cfd9a7521ade0b97d4a31fc26"}}