{"packages":[{"spec":"@rewind/email","version":"1.0.0","pkg_hash":"4c764e9753c9c2d31aeeb7611bbc7ae9e4aa78e497ed57c0fd26d7617ce45cdf","files":[{"path":"index.mjs","source_hash":"61dce7d729f75c4713eab9a859a0cd10b543658735622b4924fcd482045c5553"}],"imports":{},"capabilities":["after","kv","webhook"],"private":false},{"spec":"@rewind/jwt","version":"1.0.0","pkg_hash":"07e177988c89570b6084dff794ae08cd9a1a567c88e17949c53ee8062c7f8508","files":[{"path":"index.mjs","source_hash":"60f686c996032f455c011b6adf9defb7ddb431c0d5f9b2ffa0d5505f6bf60a01"}],"imports":{},"capabilities":["crypto"],"private":true},{"spec":"@rewind/oidc","version":"1.0.0","pkg_hash":"83ac3d98267eafbd07d8869f4f8f1d7e7ff3ad2a3966ad5c741d46e6577367e2","files":[{"path":"index.mjs","source_hash":"29eb468364800eda017afb2acf151fee8350555531c01ecfba8c2abac5acc497"}],"imports":{"@rewind/jwt":"07e177988c89570b6084dff794ae08cd9a1a567c88e17949c53ee8062c7f8508"},"capabilities":["after","crypto","kv","webhook"],"private":false}],"app_imports":{"@rewind/oidc":"83ac3d98267eafbd07d8869f4f8f1d7e7ff3ad2a3966ad5c741d46e6577367e2","@rewind/email":"4c764e9753c9c2d31aeeb7611bbc7ae9e4aa78e497ed57c0fd26d7617ce45cdf"}}